
Microsoft Visual Studio Solution File, Format Version 12.00
# Visual Studio Version 17
VisualStudioVersion = 17.9.34902.65
MinimumVisualStudioVersion = 10.0.40219.1
Project("{FAE04EC0-301F-11D3-BF4B-00C04F79EFBC}") = "MauiApp2", "MauiApp2\MauiApp2.csproj", "{5531DB89-4F14-4CDE-91FB-E73D1C255099}"
EndProject
Global
	GlobalSection(SolutionConfigurationPlatforms) = preSolution
		Debug|Any CPU = Debug|Any CPU
		Release|Any CPU = Release|Any CPU
	EndGlobalSection
	GlobalSection(ProjectConfigurationPlatforms) = postSolution
		{5531DB89-4F14-4CDE-91FB-E73D1C255099}.Debug|Any CPU.ActiveCfg = Debug|Any CPU
		{5531DB89-4F14-4CDE-91FB-E73D1C255099}.Debug|Any CPU.Build.0 = Debug|Any CPU
		{5531DB89-4F14-4CDE-91FB-E73D1C255099}.Debug|Any CPU.Deploy.0 = Debug|Any CPU
		{5531DB89-4F14-4CDE-91FB-E73D1C255099}.Release|Any CPU.ActiveCfg = Release|Any CPU
		{5531DB89-4F14-4CDE-91FB-E73D1C255099}.Release|Any CPU.Build.0 = Release|Any CPU
		{5531DB89-4F14-4CDE-91FB-E73D1C255099}.Release|Any CPU.Deploy.0 = Release|Any CPU
	EndGlobalSection
	GlobalSection(SolutionProperties) = preSolution
		HideSolutionNode = FALSE
	EndGlobalSection
	GlobalSection(ExtensibilityGlobals) = postSolution
		SolutionGuid = {CE301D45-44F1-4585-A075-460B3F4A3E59}
	EndGlobalSection
EndGlobal
